
Microsoft Visual Studio Solution File, Format Version 12.00
# Visual Studio Version 17
VisualStudioVersion = 17.0.32901.226
MinimumVisualStudioVersion = 10.0.40219.1
Project("{2150E333-8FDC-42A3-9474-1A3956D46DE8}") = "src", "src", "{D38BF412-3CA7-444B-816D-BC09C8340AB0}"
EndProject
Project("{2150E333-8FDC-42A3-9474-1A3956D46DE8}") = "coreLibraries", "coreLibraries", "{099AFBE4-389D-4481-98CB-73D746A65D35}"
EndProject
Project("{2150E333-8FDC-42A3-9474-1A3956D46DE8}") = "blogiBlog", "blogiBlog", "{4D8823A3-9E18-47B8-A61C-A1E3AD6675B7}"
EndProject
Project("{2150E333-8FDC-42A3-9474-1A3956D46DE8}") = "Core", "Core", "{D14FCF41-E277-4C16-AC32-B0C6BE995869}"
EndProject
Project("{2150E333-8FDC-42A3-9474-1A3956D46DE8}") = "Presentation", "Presentation", "{4F7AE6E4-8BB5-4D4B-95BD-AC5553DC6DBE}"
EndProject
Project("{2150E333-8FDC-42A3-9474-1A3956D46DE8}") = "Infrastructure", "Infrastructure", "{923748E3-E68F-4E6C-8557-E21506EA7C98}"
EndProject
Project("{9A19103F-16F7-4668-BE54-9A1E7A4F7556}") = "Core.Application", "src\coreLibraries\Core.Application\Core.Application.csproj", "{C606349D-E58F-4174-ACAE-92FDC1065AE8}"
EndProject
Project("{9A19103F-16F7-4668-BE54-9A1E7A4F7556}") = "Core.Persistence", "src\coreLibraries\Core.Persistence\Core.Persistence.csproj", "{1F2FD62D-BCF1-460C-9CC4-D7BFF182D246}"
EndProject
Project("{9A19103F-16F7-4668-BE54-9A1E7A4F7556}") = "Core.Infrastructure", "src\coreLibraries\Core.Infrastructure\Core.Infrastructure.csproj", "{FDC15194-87B4-4319-B0B4-412CCAD128F5}"
EndProject
Project("{9A19103F-16F7-4668-BE54-9A1E7A4F7556}") = "Blogi.Application", "src\blogiBlog\Core\Blogi.Application\Blogi.Application.csproj", "{1CB1E678-6D83-46F8-85A6-186FBA92C58E}"
EndProject
Project("{9A19103F-16F7-4668-BE54-9A1E7A4F7556}") = "Blogi.Domain", "src\blogiBlog\Core\Blogi.Domain\Blogi.Domain.csproj", "{61182A48-4F92-42FA-954A-83F6F927269E}"
EndProject
Project("{9A19103F-16F7-4668-BE54-9A1E7A4F7556}") = "Blogi.Infrastructure", "src\blogiBlog\Infrastructure\Blogi.Infrastructure\Blogi.Infrastructure.csproj", "{9946ABC2-2567-489A-9D45-71CDDC4A9F58}"
EndProject
Project("{9A19103F-16F7-4668-BE54-9A1E7A4F7556}") = "Blogi.Persistence", "src\blogiBlog\Infrastructure\Blogi.Persistence\Blogi.Persistence.csproj", "{3897D5F8-B97A-48A4-82C9-0911C921B80D}"
EndProject
Project("{9A19103F-16F7-4668-BE54-9A1E7A4F7556}") = "Blogi.WebUI", "src\blogiBlog\Presentation\Blogi.WebUI\Blogi.WebUI.csproj", "{E672D766-213F-4773-A26B-EFF279DC0DDF}"
EndProject
Global
	GlobalSection(SolutionConfigurationPlatforms) = preSolution
		Debug|Any CPU = Debug|Any CPU
		Release|Any CPU = Release|Any CPU
	EndGlobalSection
	GlobalSection(ProjectConfigurationPlatforms) = postSolution
		{C606349D-E58F-4174-ACAE-92FDC1065AE8}.Debug|Any CPU.ActiveCfg = Debug|Any CPU
		{C606349D-E58F-4174-ACAE-92FDC1065AE8}.Debug|Any CPU.Build.0 = Debug|Any CPU
		{C606349D-E58F-4174-ACAE-92FDC1065AE8}.Release|Any CPU.ActiveCfg = Release|Any CPU
		{C606349D-E58F-4174-ACAE-92FDC1065AE8}.Release|Any CPU.Build.0 = Release|Any CPU
		{1F2FD62D-BCF1-460C-9CC4-D7BFF182D246}.Debug|Any CPU.ActiveCfg = Debug|Any CPU
		{1F2FD62D-BCF1-460C-9CC4-D7BFF182D246}.Debug|Any CPU.Build.0 = Debug|Any CPU
		{1F2FD62D-BCF1-460C-9CC4-D7BFF182D246}.Release|Any CPU.ActiveCfg = Release|Any CPU
		{1F2FD62D-BCF1-460C-9CC4-D7BFF182D246}.Release|Any CPU.Build.0 = Release|Any CPU
		{FDC15194-87B4-4319-B0B4-412CCAD128F5}.Debug|Any CPU.ActiveCfg = Debug|Any CPU
		{FDC15194-87B4-4319-B0B4-412CCAD128F5}.Debug|Any CPU.Build.0 = Debug|Any CPU
		{FDC15194-87B4-4319-B0B4-412CCAD128F5}.Release|Any CPU.ActiveCfg = Release|Any CPU
		{FDC15194-87B4-4319-B0B4-412CCAD128F5}.Release|Any CPU.Build.0 = Release|Any CPU
		{1CB1E678-6D83-46F8-85A6-186FBA92C58E}.Debug|Any CPU.ActiveCfg = Debug|Any CPU
		{1CB1E678-6D83-46F8-85A6-186FBA92C58E}.Debug|Any CPU.Build.0 = Debug|Any CPU
		{1CB1E678-6D83-46F8-85A6-186FBA92C58E}.Release|Any CPU.ActiveCfg = Release|Any CPU
		{1CB1E678-6D83-46F8-85A6-186FBA92C58E}.Release|Any CPU.Build.0 = Release|Any CPU
		{61182A48-4F92-42FA-954A-83F6F927269E}.Debug|Any CPU.ActiveCfg = Debug|Any CPU
		{61182A48-4F92-42FA-954A-83F6F927269E}.Debug|Any CPU.Build.0 = Debug|Any CPU
		{61182A48-4F92-42FA-954A-83F6F927269E}.Release|Any CPU.ActiveCfg = Release|Any CPU
		{61182A48-4F92-42FA-954A-83F6F927269E}.Release|Any CPU.Build.0 = Release|Any CPU
		{9946ABC2-2567-489A-9D45-71CDDC4A9F58}.Debug|Any CPU.ActiveCfg = Debug|Any CPU
		{9946ABC2-2567-489A-9D45-71CDDC4A9F58}.Debug|Any CPU.Build.0 = Debug|Any CPU
		{9946ABC2-2567-489A-9D45-71CDDC4A9F58}.Release|Any CPU.ActiveCfg = Release|Any CPU
		{9946ABC2-2567-489A-9D45-71CDDC4A9F58}.Release|Any CPU.Build.0 = Release|Any CPU
		{3897D5F8-B97A-48A4-82C9-0911C921B80D}.Debug|Any CPU.ActiveCfg = Debug|Any CPU
		{3897D5F8-B97A-48A4-82C9-0911C921B80D}.Debug|Any CPU.Build.0 = Debug|Any CPU
		{3897D5F8-B97A-48A4-82C9-0911C921B80D}.Release|Any CPU.ActiveCfg = Release|Any CPU
		{3897D5F8-B97A-48A4-82C9-0911C921B80D}.Release|Any CPU.Build.0 = Release|Any CPU
		{E672D766-213F-4773-A26B-EFF279DC0DDF}.Debug|Any CPU.ActiveCfg = Debug|Any CPU
		{E672D766-213F-4773-A26B-EFF279DC0DDF}.Debug|Any CPU.Build.0 = Debug|Any CPU
		{E672D766-213F-4773-A26B-EFF279DC0DDF}.Release|Any CPU.ActiveCfg = Release|Any CPU
		{E672D766-213F-4773-A26B-EFF279DC0DDF}.Release|Any CPU.Build.0 = Release|Any CPU
	EndGlobalSection
	GlobalSection(SolutionProperties) = preSolution
		HideSolutionNode = FALSE
	EndGlobalSection
	GlobalSection(NestedProjects) = preSolution
		{099AFBE4-389D-4481-98CB-73D746A65D35} = {D38BF412-3CA7-444B-816D-BC09C8340AB0}
		{4D8823A3-9E18-47B8-A61C-A1E3AD6675B7} = {D38BF412-3CA7-444B-816D-BC09C8340AB0}
		{D14FCF41-E277-4C16-AC32-B0C6BE995869} = {4D8823A3-9E18-47B8-A61C-A1E3AD6675B7}
		{4F7AE6E4-8BB5-4D4B-95BD-AC5553DC6DBE} = {4D8823A3-9E18-47B8-A61C-A1E3AD6675B7}
		{923748E3-E68F-4E6C-8557-E21506EA7C98} = {4D8823A3-9E18-47B8-A61C-A1E3AD6675B7}
		{C606349D-E58F-4174-ACAE-92FDC1065AE8} = {099AFBE4-389D-4481-98CB-73D746A65D35}
		{1F2FD62D-BCF1-460C-9CC4-D7BFF182D246} = {099AFBE4-389D-4481-98CB-73D746A65D35}
		{FDC15194-87B4-4319-B0B4-412CCAD128F5} = {099AFBE4-389D-4481-98CB-73D746A65D35}
		{1CB1E678-6D83-46F8-85A6-186FBA92C58E} = {D14FCF41-E277-4C16-AC32-B0C6BE995869}
		{61182A48-4F92-42FA-954A-83F6F927269E} = {D14FCF41-E277-4C16-AC32-B0C6BE995869}
		{9946ABC2-2567-489A-9D45-71CDDC4A9F58} = {923748E3-E68F-4E6C-8557-E21506EA7C98}
		{3897D5F8-B97A-48A4-82C9-0911C921B80D} = {923748E3-E68F-4E6C-8557-E21506EA7C98}
		{E672D766-213F-4773-A26B-EFF279DC0DDF} = {4F7AE6E4-8BB5-4D4B-95BD-AC5553DC6DBE}
	EndGlobalSection
	GlobalSection(ExtensibilityGlobals) = postSolution
		SolutionGuid = {1D3898DD-CB51-4D5C-BC4C-1C893B4C67D7}
	EndGlobalSection
EndGlobal
